{
  "name": "ableanbell",
  "version": "0.1.0-beta.3",
  "lockfileVersion": 3,
  "requires": true,
  "packages": {
    "": {
      "name": "ableanbell",
      "version": "0.1.0-beta.3",
      "license": "ISC",
      "dependencies": {
        "ableanbell": "^0.1.0-beta.3",
        "moment": "^2.30.1"
      }
    },
    "node_modules/ableanbell": {
      "version": "0.1.0-beta.3",
      "resolved": "https://registry.npmjs.org/ableanbell/-/ableanbell-0.1.0-beta.3.tgz",
      "integrity": "sha512-fYbGI8yxxAW7LTQU1Um65kCfUcMYUqzO/ri37FdInmSsnIMBRcF9t6CpCAznT6MaGYKNU1MJ6Z8mF/3mXxK//w==",
      "dependencies": {
        "ableanbell": "^0.1.0-beta.3",
        "moment": "^2.30.1"
      }
    },
    "node_modules/moment": {
      "version": "2.30.1",
      "resolved": "https://registry.npmjs.org/moment/-/moment-2.30.1.tgz",
      "integrity": "sha512-uEmtNhbDOrWPFS+hdjFCBfy9f2YoyzRpwcl+DqpC6taX21FzsTLQVbMV/W7PzNSX6x/bhC1zA3c2UQ5NzH6how==",
      "engines": {
        "node": "*"
      }
    }
  }
}
